
Microsoft Visual Studio Solution File, Format Version 12.00
# Visual Studio Version 17
VisualStudioVersion = 17.3.32811.315
MinimumVisualStudioVersion = 10.0.40219.1
Project("{FAE04EC0-301F-11D3-BF4B-00C04F79EFBC}") = "CSV", "CSV\CSV.csproj", "{DB48CE16-9580-4CF0-A235-501CE3EBD25D}"
EndProject
Global
	GlobalSection(SolutionConfigurationPlatforms) = preSolution
		Debug|Any CPU = Debug|Any CPU
		Release|Any CPU = Release|Any CPU
	EndGlobalSection
	GlobalSection(ProjectConfigurationPlatforms) = postSolution
		{DB48CE16-9580-4CF0-A235-501CE3EBD25D}.Debug|Any CPU.ActiveCfg = Debug|Any CPU
		{DB48CE16-9580-4CF0-A235-501CE3EBD25D}.Debug|Any CPU.Build.0 = Debug|Any CPU
		{DB48CE16-9580-4CF0-A235-501CE3EBD25D}.Release|Any CPU.ActiveCfg = Release|Any CPU
		{DB48CE16-9580-4CF0-A235-501CE3EBD25D}.Release|Any CPU.Build.0 = Release|Any CPU
	EndGlobalSection
	GlobalSection(SolutionProperties) = preSolution
		HideSolutionNode = FALSE
	EndGlobalSection
	GlobalSection(ExtensibilityGlobals) = postSolution
		SolutionGuid = {3F06B994-9A13-45DD-A0F6-10971BC836A2}
	EndGlobalSection
EndGlobal
