
Microsoft Visual Studio Solution File, Format Version 12.00
# Visual Studio Version 17
VisualStudioVersion = 17.2.32630.192
MinimumVisualStudioVersion = 10.0.40219.1
Project("{FAE04EC0-301F-11D3-BF4B-00C04F79EFBC}") = "pension", "pension\pension.csproj", "{72DE8831-2815-4FB4-9C30-02F7CE8E65F0}"
EndProject
Global
	GlobalSection(SolutionConfigurationPlatforms) = preSolution
		Debug|Any CPU = Debug|Any CPU
		Release|Any CPU = Release|Any CPU
	EndGlobalSection
	GlobalSection(ProjectConfigurationPlatforms) = postSolution
		{72DE8831-2815-4FB4-9C30-02F7CE8E65F0}.Debug|Any CPU.ActiveCfg = Debug|Any CPU
		{72DE8831-2815-4FB4-9C30-02F7CE8E65F0}.Debug|Any CPU.Build.0 = Debug|Any CPU
		{72DE8831-2815-4FB4-9C30-02F7CE8E65F0}.Release|Any CPU.ActiveCfg = Release|Any CPU
		{72DE8831-2815-4FB4-9C30-02F7CE8E65F0}.Release|Any CPU.Build.0 = Release|Any CPU
	EndGlobalSection
	GlobalSection(SolutionProperties) = preSolution
		HideSolutionNode = FALSE
	EndGlobalSection
	GlobalSection(ExtensibilityGlobals) = postSolution
		SolutionGuid = {8A0309BD-FDC5-49DE-BE72-B38B9361C125}
	EndGlobalSection
EndGlobal
